
Microsoft Visual Studio Solution File, Format Version 12.00
# Visual Studio Version 17
VisualStudioVersion = 17.14.36414.22 d17.14
MinimumVisualStudioVersion = 10.0.40219.1
Project("{FAE04EC0-301F-11D3-BF4B-00C04F79EFBC}") = "Introduktion till OOP", "Introduktion till OOP\Introduktion till OOP.csproj", "{B568FAF3-EB6C-49C9-AC8E-24D22EC554EC}"
EndProject
Global
	GlobalSection(SolutionConfigurationPlatforms) = preSolution
		Debug|Any CPU = Debug|Any CPU
		Release|Any CPU = Release|Any CPU
	EndGlobalSection
	GlobalSection(ProjectConfigurationPlatforms) = postSolution
		{B568FAF3-EB6C-49C9-AC8E-24D22EC554EC}.Debug|Any CPU.ActiveCfg = Debug|Any CPU
		{B568FAF3-EB6C-49C9-AC8E-24D22EC554EC}.Debug|Any CPU.Build.0 = Debug|Any CPU
		{B568FAF3-EB6C-49C9-AC8E-24D22EC554EC}.Release|Any CPU.ActiveCfg = Release|Any CPU
		{B568FAF3-EB6C-49C9-AC8E-24D22EC554EC}.Release|Any CPU.Build.0 = Release|Any CPU
	EndGlobalSection
	GlobalSection(SolutionProperties) = preSolution
		HideSolutionNode = FALSE
	EndGlobalSection
	GlobalSection(ExtensibilityGlobals) = postSolution
		SolutionGuid = {68B1DA24-4139-4EF2-BA9B-568D6238BCEE}
	EndGlobalSection
EndGlobal
